// !$*UTF8*$!
{
	archiveVersion = 1;
	classes = {
	};
	objectVersion = 56;
	objects = {

/* Begin PBXBuildFile section */
		18005A7B2C62A84000BAB6FC /* AppDelegate.swift in Sources */ = {isa = PBXBuildFile; fileRef = 18005A7A2C62A84000BAB6FC /* AppDelegate.swift */; };
		18005A7D2C62A84000BAB6FC /* SceneDelegate.swift in Sources */ = {isa = PBXBuildFile; fileRef = 18005A7C2C62A84000BAB6FC /* SceneDelegate.swift */; };
		18005A7F2C62A84000BAB6FC /* ExchangeRateQuotesListViewController.swift in Sources */ = {isa = PBXBuildFile; fileRef = 18005A7E2C62A84000BAB6FC /* ExchangeRateQuotesListViewController.swift */; };
		18005A842C62A84100BAB6FC /* Assets.xcassets in Resources */ = {isa = PBXBuildFile; fileRef = 18005A832C62A84100BAB6FC /* Assets.xcassets */; };
		18005A872C62A84100BAB6FC /* Base in Resources */ = {isa = PBXBuildFile; fileRef = 18005A862C62A84100BAB6FC /* Base */; };
		18005A922C62A84100BAB6FC /* CurrencyConversionTests.swift in Sources */ = {isa = PBXBuildFile; fileRef = 18005A912C62A84100BAB6FC /* CurrencyConversionTests.swift */; };
		18005A9C2C62A84100BAB6FC /* CurrencyConversionUITests.swift in Sources */ = {isa = PBXBuildFile; fileRef = 18005A9B2C62A84100BAB6FC /* CurrencyConversionUITests.swift */; };
		18005A9E2C62A84100BAB6FC /* CurrencyConversionUITestsLaunchTests.swift in Sources */ = {isa = PBXBuildFile; fileRef = 18005A9D2C62A84100BAB6FC /* CurrencyConversionUITestsLaunchTests.swift */; };
		18005AAD2C62AC8400BAB6FC /* UIColor.swift in Sources */ = {isa = PBXBuildFile; fileRef = 18005AAC2C62AC8400BAB6FC /* UIColor.swift */; };
		18005AB12C62AEBF00BAB6FC /* ExchangeRateQuotesTableViewCell.swift in Sources */ = {isa = PBXBuildFile; fileRef = 18005AB02C62AEBF00BAB6FC /* ExchangeRateQuotesTableViewCell.swift */; };
		187CAC1A2C67C3840000D4D3 /* Endpoints.swift in Sources */ = {isa = PBXBuildFile; fileRef = 187CAC192C67C3840000D4D3 /* Endpoints.swift */; };
		187CAC1F2C67C6690000D4D3 /* CurrencyConversionService.swift in Sources */ = {isa = PBXBuildFile; fileRef = 187CAC1E2C67C6690000D4D3 /* CurrencyConversionService.swift */; };
		187CAC222C67C9640000D4D3 /* CurrenciesModel.swift in Sources */ = {isa = PBXBuildFile; fileRef = 187CAC212C67C9640000D4D3 /* CurrenciesModel.swift */; };
		187CAC252C67CA170000D4D3 /* CurrencyConversionViewModel.swift in Sources */ = {isa = PBXBuildFile; fileRef = 187CAC242C67CA170000D4D3 /* CurrencyConversionViewModel.swift */; };
		18C2E3BD2C6778160073A070 /* UserDefaultsWrapper.swift in Sources */ = {isa = PBXBuildFile; fileRef = 18C2E3BC2C6778160073A070 /* UserDefaultsWrapper.swift */; };
		18F43C8D2C62B039007B67E0 /* Localizable.xcstrings in Resources */ = {isa = PBXBuildFile; fileRef = 18F43C8C2C62B039007B67E0 /* Localizable.xcstrings */; };
		18F43C902C62B60C007B67E0 /* ExchangeRateQuotesListViewModel.swift in Sources */ = {isa = PBXBuildFile; fileRef = 18F43C8F2C62B60C007B67E0 /* ExchangeRateQuotesListViewModel.swift */; };
		18F43C932C62B7C2007B67E0 /* ExchangeRateQuotesService.swift in Sources */ = {isa = PBXBuildFile; fileRef = 18F43C922C62B7C2007B67E0 /* ExchangeRateQuotesService.swift */; };
		18F43C962C62B7EA007B67E0 /* ExchangeRateQuotesModel.swift in Sources */ = {isa = PBXBuildFile; fileRef = 18F43C952C62B7EA007B67E0 /* ExchangeRateQuotesModel.swift */; };
		18F43C992C62B86E007B67E0 /* NetworkManager.swift in Sources */ = {isa = PBXBuildFile; fileRef = 18F43C982C62B86E007B67E0 /* NetworkManager.swift */; };
		18F43C9D2C642173007B67E0 /* CurrencyConversionViewController.swift in Sources */ = {isa = PBXBuildFile; fileRef = 18F43C9C2C642173007B67E0 /* CurrencyConversionViewController.swift */; };
/* End PBXBuildFile section */

/* Begin PBXContainerItemProxy section */
		18005A8E2C62A84100BAB6FC /* PBXContainerItemProxy */ = {
			isa = PBXContainerItemProxy;
			containerPortal = 18005A6F2C62A84000BAB6FC /* Project object */;
			proxyType = 1;
			remoteGlobalIDString = 18005A762C62A84000BAB6FC;
			remoteInfo = CurrencyConversion;
		};
		18005A982C62A84100BAB6FC /* PBXContainerItemProxy */ = {
			isa = PBXContainerItemProxy;
			containerPortal = 18005A6F2C62A84000BAB6FC /* Project object */;
			proxyType = 1;
			remoteGlobalIDString = 18005A762C62A84000BAB6FC;
			remoteInfo = CurrencyConversion;
		};
/* End PBXContainerItemProxy section */

/* Begin PBXFileReference section */
		18005A772C62A84000BAB6FC /* CurrencyConversion.app */ = {isa = PBXFileReference; explicitFileType = wrapper.application; includeInIndex = 0; path = CurrencyConversion.app; sourceTree = BUILT_PRODUCTS_DIR; };
		18005A7A2C62A84000BAB6FC /* AppDelegate.swift */ = {isa = PBXFileReference; lastKnownFileType = sourcecode.swift; path = AppDelegate.swift; sourceTree = "<group>"; };
		18005A7C2C62A84000BAB6FC /* SceneDelegate.swift */ = {isa = PBXFileReference; lastKnownFileType = sourcecode.swift; path = SceneDelegate.swift; sourceTree = "<group>"; };
		18005A7E2C62A84000BAB6FC /* ExchangeRateQuotesListViewController.swift */ = {isa = PBXFileReference; lastKnownFileType = sourcecode.swift; path = ExchangeRateQuotesListViewController.swift; sourceTree = "<group>"; };
		18005A832C62A84100BAB6FC /* Assets.xcassets */ = {isa = PBXFileReference; lastKnownFileType = folder.assetcatalog; path = Assets.xcassets; sourceTree = "<group>"; };
		18005A862C62A84100BAB6FC /* Base */ = {isa = PBXFileReference; lastKnownFileType = file.storyboard; name = Base; path = Base.lproj/LaunchScreen.storyboard; sourceTree = "<group>"; };
		18005A882C62A84100BAB6FC /* Info.plist */ = {isa = PBXFileReference; lastKnownFileType = text.plist.xml; path = Info.plist; sourceTree = "<group>"; };
		18005A8D2C62A84100BAB6FC /* CurrencyConversionTests.xctest */ = {isa = PBXFileReference; explicitFileType = wrapper.cfbundle; includeInIndex = 0; path = CurrencyConversionTests.xctest; sourceTree = BUILT_PRODUCTS_DIR; };
		18005A912C62A84100BAB6FC /* CurrencyConversionTests.swift */ = {isa = PBXFileReference; lastKnownFileType = sourcecode.swift; path = CurrencyConversionTests.swift; sourceTree = "<group>"; };
		18005A972C62A84100BAB6FC /* CurrencyConversionUITests.xctest */ = {isa = PBXFileReference; explicitFileType = wrapper.cfbundle; includeInIndex = 0; path = CurrencyConversionUITests.xctest; sourceTree = BUILT_PRODUCTS_DIR; };
		18005A9B2C62A84100BAB6FC /* CurrencyConversionUITests.swift */ = {isa = PBXFileReference; lastKnownFileType = sourcecode.swift; path = CurrencyConversionUITests.swift; sourceTree = "<group>"; };
		18005A9D2C62A84100BAB6FC /* CurrencyConversionUITestsLaunchTests.swift */ = {isa = PBXFileReference; lastKnownFileType = sourcecode.swift; path = CurrencyConversionUITestsLaunchTests.swift; sourceTree = "<group>"; };
		18005AAC2C62AC8400BAB6FC /* UIColor.swift */ = {isa = PBXFileReference; lastKnownFileType = sourcecode.swift; path = UIColor.swift; sourceTree = "<group>"; };
		18005AB02C62AEBF00BAB6FC /* ExchangeRateQuotesTableViewCell.swift */ = {isa = PBXFileReference; lastKnownFileType = sourcecode.swift; path = ExchangeRateQuotesTableViewCell.swift; sourceTree = "<group>"; };
		187CAC192C67C3840000D4D3 /* Endpoints.swift */ = {isa = PBXFileReference; lastKnownFileType = sourcecode.swift; path = Endpoints.swift; sourceTree = "<group>"; };
		187CAC1E2C67C6690000D4D3 /* CurrencyConversionService.swift */ = {isa = PBXFileReference; lastKnownFileType = sourcecode.swift; path = CurrencyConversionService.swift; sourceTree = "<group>"; };
		187CAC212C67C9640000D4D3 /* CurrenciesModel.swift */ = {isa = PBXFileReference; lastKnownFileType = sourcecode.swift; path = CurrenciesModel.swift; sourceTree = "<group>"; };
		187CAC242C67CA170000D4D3 /* CurrencyConversionViewModel.swift */ = {isa = PBXFileReference; lastKnownFileType = sourcecode.swift; path = CurrencyConversionViewModel.swift; sourceTree = "<group>"; };
		18C2E3BC2C6778160073A070 /* UserDefaultsWrapper.swift */ = {isa = PBXFileReference; lastKnownFileType = sourcecode.swift; path = UserDefaultsWrapper.swift; sourceTree = "<group>"; };
		18F43C8C2C62B039007B67E0 /* Localizable.xcstrings */ = {isa = PBXFileReference; lastKnownFileType = text.json.xcstrings; path = Localizable.xcstrings; sourceTree = "<group>"; };
		18F43C8F2C62B60C007B67E0 /* ExchangeRateQuotesListViewModel.swift */ = {isa = PBXFileReference; lastKnownFileType = sourcecode.swift; path = ExchangeRateQuotesListViewModel.swift; sourceTree = "<group>"; };
		18F43C922C62B7C2007B67E0 /* ExchangeRateQuotesService.swift */ = {isa = PBXFileReference; lastKnownFileType = sourcecode.swift; path = ExchangeRateQuotesService.swift; sourceTree = "<group>"; };
		18F43C952C62B7EA007B67E0 /* ExchangeRateQuotesModel.swift */ = {isa = PBXFileReference; lastKnownFileType = sourcecode.swift; path = ExchangeRateQuotesModel.swift; sourceTree = "<group>"; };
		18F43C982C62B86E007B67E0 /* NetworkManager.swift */ = {isa = PBXFileReference; lastKnownFileType = sourcecode.swift; path = NetworkManager.swift; sourceTree = "<group>"; };
		18F43C9C2C642173007B67E0 /* CurrencyConversionViewController.swift */ = {isa = PBXFileReference; lastKnownFileType = sourcecode.swift; path = CurrencyConversionViewController.swift; sourceTree = "<group>"; };
/* End PBXFileReference section */

/* Begin PBXFrameworksBuildPhase section */
		18005A742C62A84000BAB6FC /* Frameworks */ = {
			isa = PBXFrameworksBuildPhase;
			buildActionMask = 2147483647;
			files = (
			);
			runOnlyForDeploymentPostprocessing = 0;
		};
		18005A8A2C62A84100BAB6FC /* Frameworks */ = {
			isa = PBXFrameworksBuildPhase;
			buildActionMask = 2147483647;
			files = (
			);
			runOnlyForDeploymentPostprocessing = 0;
		};
		18005A942C62A84100BAB6FC /* Frameworks */ = {
			isa = PBXFrameworksBuildPhase;
			buildActionMask = 2147483647;
			files = (
			);
			runOnlyForDeploymentPostprocessing = 0;
		};
/* End PBXFrameworksBuildPhase section */

/* Begin PBXGroup section */
		18005A6E2C62A84000BAB6FC = {
			isa = PBXGroup;
			children = (
				18005A792C62A84000BAB6FC /* CurrencyConversion */,
				18005A902C62A84100BAB6FC /* CurrencyConversionTests */,
				18005A9A2C62A84100BAB6FC /* CurrencyConversionUITests */,
				18005A782C62A84000BAB6FC /* Products */,
			);
			sourceTree = "<group>";
		};
		18005A782C62A84000BAB6FC /* Products */ = {
			isa = PBXGroup;
			children = (
				18005A772C62A84000BAB6FC /* CurrencyConversion.app */,
				18005A8D2C62A84100BAB6FC /* CurrencyConversionTests.xctest */,
				18005A972C62A84100BAB6FC /* CurrencyConversionUITests.xctest */,
			);
			name = Products;
			sourceTree = "<group>";
		};
		18005A792C62A84000BAB6FC /* CurrencyConversion */ = {
			isa = PBXGroup;
			children = (
				18F43C9A2C64212B007B67E0 /* CurrencyConversion */,
				18005AAE2C62ACC400BAB6FC /* ExchangeRateQuotes */,
				18005AAA2C62AC6A00BAB6FC /* Shared */,
				18005A7A2C62A84000BAB6FC /* AppDelegate.swift */,
				18005A7C2C62A84000BAB6FC /* SceneDelegate.swift */,
				18005A832C62A84100BAB6FC /* Assets.xcassets */,
				18005A852C62A84100BAB6FC /* LaunchScreen.storyboard */,
				18005A882C62A84100BAB6FC /* Info.plist */,
			);
			path = CurrencyConversion;
			sourceTree = "<group>";
		};
		18005A902C62A84100BAB6FC /* CurrencyConversionTests */ = {
			isa = PBXGroup;
			children = (
				18005A912C62A84100BAB6FC /* CurrencyConversionTests.swift */,
			);
			path = CurrencyConversionTests;
			sourceTree = "<group>";
		};
		18005A9A2C62A84100BAB6FC /* CurrencyConversionUITests */ = {
			isa = PBXGroup;
			children = (
				18005A9B2C62A84100BAB6FC /* CurrencyConversionUITests.swift */,
				18005A9D2C62A84100BAB6FC /* CurrencyConversionUITestsLaunchTests.swift */,
			);
			path = CurrencyConversionUITests;
			sourceTree = "<group>";
		};
		18005AAA2C62AC6A00BAB6FC /* Shared */ = {
			isa = PBXGroup;
			children = (
				18F43C8A2C62B01C007B67E0 /* Constants */,
				18005AAB2C62AC6F00BAB6FC /* Extensions */,
				18F43C972C62B858007B67E0 /* Network */,
				18C2E3BB2C6777EB0073A070 /* Wrappers */,
			);
			path = Shared;
			sourceTree = "<group>";
		};
		18005AAB2C62AC6F00BAB6FC /* Extensions */ = {
			isa = PBXGroup;
			children = (
				18005AAC2C62AC8400BAB6FC /* UIColor.swift */,
			);
			path = Extensions;
			sourceTree = "<group>";
		};
		18005AAE2C62ACC400BAB6FC /* ExchangeRateQuotes */ = {
			isa = PBXGroup;
			children = (
				18F43C942C62B7E0007B67E0 /* Model */,
				18005AAF2C62ACD500BAB6FC /* View */,
				18F43C8E2C62B5F3007B67E0 /* ViewModel */,
				18F43C912C62B7A5007B67E0 /* Service */,
			);
			path = ExchangeRateQuotes;
			sourceTree = "<group>";
		};
		18005AAF2C62ACD500BAB6FC /* View */ = {
			isa = PBXGroup;
			children = (
				18005A7E2C62A84000BAB6FC /* ExchangeRateQuotesListViewController.swift */,
				18005AB02C62AEBF00BAB6FC /* ExchangeRateQuotesTableViewCell.swift */,
			);
			path = View;
			sourceTree = "<group>";
		};
		187CAC1D2C67C65F0000D4D3 /* Service */ = {
			isa = PBXGroup;
			children = (
				187CAC1E2C67C6690000D4D3 /* CurrencyConversionService.swift */,
			);
			path = Service;
			sourceTree = "<group>";
		};
		187CAC202C67C9540000D4D3 /* Model */ = {
			isa = PBXGroup;
			children = (
				187CAC212C67C9640000D4D3 /* CurrenciesModel.swift */,
			);
			path = Model;
			sourceTree = "<group>";
		};
		187CAC232C67C9F90000D4D3 /* ViewModel */ = {
			isa = PBXGroup;
			children = (
				187CAC242C67CA170000D4D3 /* CurrencyConversionViewModel.swift */,
			);
			path = ViewModel;
			sourceTree = "<group>";
		};
		18C2E3BB2C6777EB0073A070 /* Wrappers */ = {
			isa = PBXGroup;
			children = (
				18C2E3BC2C6778160073A070 /* UserDefaultsWrapper.swift */,
			);
			path = Wrappers;
			sourceTree = "<group>";
		};
		18F43C8A2C62B01C007B67E0 /* Constants */ = {
			isa = PBXGroup;
			children = (
				18F43C8C2C62B039007B67E0 /* Localizable.xcstrings */,
				187CAC192C67C3840000D4D3 /* Endpoints.swift */,
			);
			path = Constants;
			sourceTree = "<group>";
		};
		18F43C8E2C62B5F3007B67E0 /* ViewModel */ = {
			isa = PBXGroup;
			children = (
				18F43C8F2C62B60C007B67E0 /* ExchangeRateQuotesListViewModel.swift */,
			);
			path = ViewModel;
			sourceTree = "<group>";
		};
		18F43C912C62B7A5007B67E0 /* Service */ = {
			isa = PBXGroup;
			children = (
				18F43C922C62B7C2007B67E0 /* ExchangeRateQuotesService.swift */,
			);
			path = Service;
			sourceTree = "<group>";
		};
		18F43C942C62B7E0007B67E0 /* Model */ = {
			isa = PBXGroup;
			children = (
				18F43C952C62B7EA007B67E0 /* ExchangeRateQuotesModel.swift */,
			);
			path = Model;
			sourceTree = "<group>";
		};
		18F43C972C62B858007B67E0 /* Network */ = {
			isa = PBXGroup;
			children = (
				18F43C982C62B86E007B67E0 /* NetworkManager.swift */,
			);
			path = Network;
			sourceTree = "<group>";
		};
		18F43C9A2C64212B007B67E0 /* CurrencyConversion */ = {
			isa = PBXGroup;
			children = (
				187CAC202C67C9540000D4D3 /* Model */,
				18F43C9B2C64214B007B67E0 /* View */,
				187CAC232C67C9F90000D4D3 /* ViewModel */,
				187CAC1D2C67C65F0000D4D3 /* Service */,
			);
			path = CurrencyConversion;
			sourceTree = "<group>";
		};
		18F43C9B2C64214B007B67E0 /* View */ = {
			isa = PBXGroup;
			children = (
				18F43C9C2C642173007B67E0 /* CurrencyConversionViewController.swift */,
			);
			path = View;
			sourceTree = "<group>";
		};
/* End PBXGroup section */

/* Begin PBXNativeTarget section */
		18005A762C62A84000BAB6FC /* CurrencyConversion */ = {
			isa = PBXNativeTarget;
			buildConfigurationList = 18005AA12C62A84100BAB6FC /* Build configuration list for PBXNativeTarget "CurrencyConversion" */;
			buildPhases = (
				18005A732C62A84000BAB6FC /* Sources */,
				18005A742C62A84000BAB6FC /* Frameworks */,
				18005A752C62A84000BAB6FC /* Resources */,
			);
			buildRules = (
			);
			dependencies = (
			);
			name = CurrencyConversion;
			productName = CurrencyConversion;
			productReference = 18005A772C62A84000BAB6FC /* CurrencyConversion.app */;
			productType = "com.apple.product-type.application";
		};
		18005A8C2C62A84100BAB6FC /* CurrencyConversionTests */ = {
			isa = PBXNativeTarget;
			buildConfigurationList = 18005AA42C62A84100BAB6FC /* Build configuration list for PBXNativeTarget "CurrencyConversionTests" */;
			buildPhases = (
				18005A892C62A84100BAB6FC /* Sources */,
				18005A8A2C62A84100BAB6FC /* Frameworks */,
				18005A8B2C62A84100BAB6FC /* Resources */,
			);
			buildRules = (
			);
			dependencies = (
				18005A8F2C62A84100BAB6FC /* PBXTargetDependency */,
			);
			name = CurrencyConversionTests;
			productName = CurrencyConversionTests;
			productReference = 18005A8D2C62A84100BAB6FC /* CurrencyConversionTests.xctest */;
			productType = "com.apple.product-type.bundle.unit-test";
		};
		18005A962C62A84100BAB6FC /* CurrencyConversionUITests */ = {
			isa = PBXNativeTarget;
			buildConfigurationList = 18005AA72C62A84100BAB6FC /* Build configuration list for PBXNativeTarget "CurrencyConversionUITests" */;
			buildPhases = (
				18005A932C62A84100BAB6FC /* Sources */,
				18005A942C62A84100BAB6FC /* Frameworks */,
				18005A952C62A84100BAB6FC /* Resources */,
			);
			buildRules = (
			);
			dependencies = (
				18005A992C62A84100BAB6FC /* PBXTargetDependency */,
			);
			name = CurrencyConversionUITests;
			productName = CurrencyConversionUITests;
			productReference = 18005A972C62A84100BAB6FC /* CurrencyConversionUITests.xctest */;
			productType = "com.apple.product-type.bundle.ui-testing";
		};
/* End PBXNativeTarget section */

/* Begin PBXProject section */
		18005A6F2C62A84000BAB6FC /* Project object */ = {
			isa = PBXProject;
			attributes = {
				BuildIndependentTargetsInParallel = 1;
				LastSwiftUpdateCheck = 1540;
				LastUpgradeCheck = 1540;
				TargetAttributes = {
					18005A762C62A84000BAB6FC = {
						CreatedOnToolsVersion = 15.4;
					};
					18005A8C2C62A84100BAB6FC = {
						CreatedOnToolsVersion = 15.4;
						TestTargetID = 18005A762C62A84000BAB6FC;
					};
					18005A962C62A84100BAB6FC = {
						CreatedOnToolsVersion = 15.4;
						TestTargetID = 18005A762C62A84000BAB6FC;
					};
				};
			};
			buildConfigurationList = 18005A722C62A84000BAB6FC /* Build configuration list for PBXProject "CurrencyConversion" */;
			compatibilityVersion = "Xcode 14.0";
			developmentRegion = en;
			hasScannedForEncodings = 0;
			knownRegions = (
				en,
				Base,
				"pt-BR",
			);
			mainGroup = 18005A6E2C62A84000BAB6FC;
			productRefGroup = 18005A782C62A84000BAB6FC /* Products */;
			projectDirPath = "";
			projectRoot = "";
			targets = (
				18005A762C62A84000BAB6FC /* CurrencyConversion */,
				18005A8C2C62A84100BAB6FC /* CurrencyConversionTests */,
				18005A962C62A84100BAB6FC /* CurrencyConversionUITests */,
			);
		};
/* End PBXProject section */

/* Begin PBXResourcesBuildPhase section */
		18005A752C62A84000BAB6FC /* Resources */ = {
			isa = PBXResourcesBuildPhase;
			buildActionMask = 2147483647;
			files = (
				18005A842C62A84100BAB6FC /* Assets.xcassets in Resources */,
				18005A872C62A84100BAB6FC /* Base in Resources */,
				18F43C8D2C62B039007B67E0 /* Localizable.xcstrings in Resources */,
			);
			runOnlyForDeploymentPostprocessing = 0;
		};
		18005A8B2C62A84100BAB6FC /* Resources */ = {
			isa = PBXResourcesBuildPhase;
			buildActionMask = 2147483647;
			files = (
			);
			runOnlyForDeploymentPostprocessing = 0;
		};
		18005A952C62A84100BAB6FC /* Resources */ = {
			isa = PBXResourcesBuildPhase;
			buildActionMask = 2147483647;
			files = (
			);
			runOnlyForDeploymentPostprocessing = 0;
		};
/* End PBXResourcesBuildPhase section */

/* Begin PBXSourcesBuildPhase section */
		18005A732C62A84000BAB6FC /* Sources */ = {
			isa = PBXSourcesBuildPhase;
			buildActionMask = 2147483647;
			files = (
				18F43C992C62B86E007B67E0 /* NetworkManager.swift in Sources */,
				18005A7F2C62A84000BAB6FC /* ExchangeRateQuotesListViewController.swift in Sources */,
				18F43C902C62B60C007B67E0 /* ExchangeRateQuotesListViewModel.swift in Sources */,
				18F43C962C62B7EA007B67E0 /* ExchangeRateQuotesModel.swift in Sources */,
				18C2E3BD2C6778160073A070 /* UserDefaultsWrapper.swift in Sources */,
				18005AAD2C62AC8400BAB6FC /* UIColor.swift in Sources */,
				18005A7B2C62A84000BAB6FC /* AppDelegate.swift in Sources */,
				18F43C9D2C642173007B67E0 /* CurrencyConversionViewController.swift in Sources */,
				187CAC1F2C67C6690000D4D3 /* CurrencyConversionService.swift in Sources */,
				187CAC252C67CA170000D4D3 /* CurrencyConversionViewModel.swift in Sources */,
				18F43C932C62B7C2007B67E0 /* ExchangeRateQuotesService.swift in Sources */,
				18005AB12C62AEBF00BAB6FC /* ExchangeRateQuotesTableViewCell.swift in Sources */,
				187CAC1A2C67C3840000D4D3 /* Endpoints.swift in Sources */,
				187CAC222C67C9640000D4D3 /* CurrenciesModel.swift in Sources */,
				18005A7D2C62A84000BAB6FC /* SceneDelegate.swift in Sources */,
			);
			runOnlyForDeploymentPostprocessing = 0;
		};
		18005A892C62A84100BAB6FC /* Sources */ = {
			isa = PBXSourcesBuildPhase;
			buildActionMask = 2147483647;
			files = (
				18005A922C62A84100BAB6FC /* CurrencyConversionTests.swift in Sources */,
			);
			runOnlyForDeploymentPostprocessing = 0;
		};
		18005A932C62A84100BAB6FC /* Sources */ = {
			isa = PBXSourcesBuildPhase;
			buildActionMask = 2147483647;
			files = (
				18005A9C2C62A84100BAB6FC /* CurrencyConversionUITests.swift in Sources */,
				18005A9E2C62A84100BAB6FC /* CurrencyConversionUITestsLaunchTests.swift in Sources */,
			);
			runOnlyForDeploymentPostprocessing = 0;
		};
/* End PBXSourcesBuildPhase section */

/* Begin PBXTargetDependency section */
		18005A8F2C62A84100BAB6FC /* PBXTargetDependency */ = {
			isa = PBXTargetDependency;
			target = 18005A762C62A84000BAB6FC /* CurrencyConversion */;
			targetProxy = 18005A8E2C62A84100BAB6FC /* PBXContainerItemProxy */;
		};
		18005A992C62A84100BAB6FC /* PBXTargetDependency */ = {
			isa = PBXTargetDependency;
			target = 18005A762C62A84000BAB6FC /* CurrencyConversion */;
			targetProxy = 18005A982C62A84100BAB6FC /* PBXContainerItemProxy */;
		};
/* End PBXTargetDependency section */

/* Begin PBXVariantGroup section */
		18005A852C62A84100BAB6FC /* LaunchScreen.storyboard */ = {
			isa = PBXVariantGroup;
			children = (
				18005A862C62A84100BAB6FC /* Base */,
			);
			name = LaunchScreen.storyboard;
			sourceTree = "<group>";
		};
/* End PBXVariantGroup section */

/* Begin XCBuildConfiguration section */
		18005A9F2C62A84100BAB6FC /* Debug */ = {
			isa = XCBuildConfiguration;
			buildSettings = {
				ALWAYS_SEARCH_USER_PATHS = NO;
				ASSETCATALOG_COMPILER_GENERATE_SWIFT_ASSET_SYMBOL_EXTENSIONS = YES;
				CLANG_ANALYZER_NONNULL = YES;
				CLANG_ANALYZER_NUMBER_OBJECT_CONVERSION = YES_AGGRESSIVE;
				CLANG_CXX_LANGUAGE_STANDARD = "gnu++20";
				CLANG_ENABLE_MODULES = YES;
				CLANG_ENABLE_OBJC_ARC = YES;
				CLANG_ENABLE_OBJC_WEAK = YES;
				CLANG_WARN_BLOCK_CAPTURE_AUTORELEASING = YES;
				CLANG_WARN_BOOL_CONVERSION = YES;
				CLANG_WARN_COMMA = YES;
				CLANG_WARN_CONSTANT_CONVERSION = YES;
				CLANG_WARN_DEPRECATED_OBJC_IMPLEMENTATIONS = YES;
				CLANG_WARN_DIRECT_OBJC_ISA_USAGE = YES_ERROR;
				CLANG_WARN_DOCUMENTATION_COMMENTS = YES;
				CLANG_WARN_EMPTY_BODY = YES;
				CLANG_WARN_ENUM_CONVERSION = YES;
				CLANG_WARN_INFINITE_RECURSION = YES;
				CLANG_WARN_INT_CONVERSION = YES;
				CLANG_WARN_NON_LITERAL_NULL_CONVERSION = YES;
				CLANG_WARN_OBJC_IMPLICIT_RETAIN_SELF = YES;
				CLANG_WARN_OBJC_LITERAL_CONVERSION = YES;
				CLANG_WARN_OBJC_ROOT_CLASS = YES_ERROR;
				CLANG_WARN_QUOTED_INCLUDE_IN_FRAMEWORK_HEADER = YES;
				CLANG_WARN_RANGE_LOOP_ANALYSIS = YES;
				CLANG_WARN_STRICT_PROTOTYPES = YES;
				CLANG_WARN_SUSPICIOUS_MOVE = YES;
				CLANG_WARN_UNGUARDED_AVAILABILITY = YES_AGGRESSIVE;
				CLANG_WARN_UNREACHABLE_CODE = YES;
				CLANG_WARN__DUPLICATE_METHOD_MATCH = YES;
				COPY_PHASE_STRIP = NO;
				DEBUG_INFORMATION_FORMAT = dwarf;
				ENABLE_STRICT_OBJC_MSGSEND = YES;
				ENABLE_TESTABILITY = YES;
				ENABLE_USER_SCRIPT_SANDBOXING = YES;
				GCC_C_LANGUAGE_STANDARD = gnu17;
				GCC_DYNAMIC_NO_PIC = NO;
				GCC_NO_COMMON_BLOCKS = YES;
				GCC_OPTIMIZATION_LEVEL = 0;
				GCC_PREPROCESSOR_DEFINITIONS = (
					"DEBUG=1",
					"$(inherited)",
				);
				GCC_WARN_64_TO_32_BIT_CONVERSION = YES;
				GCC_WARN_ABOUT_RETURN_TYPE = YES_ERROR;
				GCC_WARN_UNDECLARED_SELECTOR = YES;
				GCC_WARN_UNINITIALIZED_AUTOS = YES_AGGRESSIVE;
				GCC_WARN_UNUSED_FUNCTION = YES;
				GCC_WARN_UNUSED_VARIABLE = YES;
				IPHONEOS_DEPLOYMENT_TARGET = 17.5;
				LOCALIZATION_PREFERS_STRING_CATALOGS = YES;
				MTL_ENABLE_DEBUG_INFO = INCLUDE_SOURCE;
				MTL_FAST_MATH = YES;
				ONLY_ACTIVE_ARCH = YES;
				SDKROOT = iphoneos;
				SWIFT_ACTIVE_COMPILATION_CONDITIONS = "DEBUG $(inherited)";
				SWIFT_OPTIMIZATION_LEVEL = "-Onone";
			};
			name = Debug;
		};
		18005AA02C62A84100BAB6FC /* Release */ = {
			isa = XCBuildConfiguration;
			buildSettings = {
				ALWAYS_SEARCH_USER_PATHS = NO;
				ASSETCATALOG_COMPILER_GENERATE_SWIFT_ASSET_SYMBOL_EXTENSIONS = YES;
				CLANG_ANALYZER_NONNULL = YES;
				CLANG_ANALYZER_NUMBER_OBJECT_CONVERSION = YES_AGGRESSIVE;
				CLANG_CXX_LANGUAGE_STANDARD = "gnu++20";
				CLANG_ENABLE_MODULES = YES;
				CLANG_ENABLE_OBJC_ARC = YES;
				CLANG_ENABLE_OBJC_WEAK = YES;
				CLANG_WARN_BLOCK_CAPTURE_AUTORELEASING = YES;
				CLANG_WARN_BOOL_CONVERSION = YES;
				CLANG_WARN_COMMA = YES;
				CLANG_WARN_CONSTANT_CONVERSION = YES;
				CLANG_WARN_DEPRECATED_OBJC_IMPLEMENTATIONS = YES;
				CLANG_WARN_DIRECT_OBJC_ISA_USAGE = YES_ERROR;
				CLANG_WARN_DOCUMENTATION_COMMENTS = YES;
				CLANG_WARN_EMPTY_BODY = YES;
				CLANG_WARN_ENUM_CONVERSION = YES;
				CLANG_WARN_INFINITE_RECURSION = YES;
				CLANG_WARN_INT_CONVERSION = YES;
				CLANG_WARN_NON_LITERAL_NULL_CONVERSION = YES;
				CLANG_WARN_OBJC_IMPLICIT_RETAIN_SELF = YES;
				CLANG_WARN_OBJC_LITERAL_CONVERSION = YES;
				CLANG_WARN_OBJC_ROOT_CLASS = YES_ERROR;
				CLANG_WARN_QUOTED_INCLUDE_IN_FRAMEWORK_HEADER = YES;
				CLANG_WARN_RANGE_LOOP_ANALYSIS = YES;
				CLANG_WARN_STRICT_PROTOTYPES = YES;
				CLANG_WARN_SUSPICIOUS_MOVE = YES;
				CLANG_WARN_UNGUARDED_AVAILABILITY = YES_AGGRESSIVE;
				CLANG_WARN_UNREACHABLE_CODE = YES;
				CLANG_WARN__DUPLICATE_METHOD_MATCH = YES;
				COPY_PHASE_STRIP = NO;
				DEBUG_INFORMATION_FORMAT = "dwarf-with-dsym";
				ENABLE_NS_ASSERTIONS = NO;
				ENABLE_STRICT_OBJC_MSGSEND = YES;
				ENABLE_USER_SCRIPT_SANDBOXING = YES;
				GCC_C_LANGUAGE_STANDARD = gnu17;
				GCC_NO_COMMON_BLOCKS = YES;
				GCC_WARN_64_TO_32_BIT_CONVERSION = YES;
				GCC_WARN_ABOUT_RETURN_TYPE = YES_ERROR;
				GCC_WARN_UNDECLARED_SELECTOR = YES;
				GCC_WARN_UNINITIALIZED_AUTOS = YES_AGGRESSIVE;
				GCC_WARN_UNUSED_FUNCTION = YES;
				GCC_WARN_UNUSED_VARIABLE = YES;
				IPHONEOS_DEPLOYMENT_TARGET = 17.5;
				LOCALIZATION_PREFERS_STRING_CATALOGS = YES;
				MTL_ENABLE_DEBUG_INFO = NO;
				MTL_FAST_MATH = YES;
				SDKROOT = iphoneos;
				SWIFT_COMPILATION_MODE = wholemodule;
				VALIDATE_PRODUCT = YES;
			};
			name = Release;
		};
		18005AA22C62A84100BAB6FC /* Debug */ = {
			isa = XCBuildConfiguration;
			buildSettings = {
				ASSETCATALOG_COMPILER_APPICON_NAME = AppIcon;
				ASSETCATALOG_COMPILER_GLOBAL_ACCENT_COLOR_NAME = AccentColor;
				CODE_SIGN_STYLE = Automatic;
				CURRENT_PROJECT_VERSION = 1;
				DEVELOPMENT_TEAM = KFQ838WW9Y;
				GENERATE_INFOPLIST_FILE = YES;
				INFOPLIST_FILE = CurrencyConversion/Info.plist;
				INFOPLIST_KEY_UIApplicationSupportsIndirectInputEvents = YES;
				INFOPLIST_KEY_UILaunchStoryboardName = LaunchScreen;
				INFOPLIST_KEY_UIMainStoryboardFile = "";
				INFOPLIST_KEY_UISupportedInterfaceOrientations_iPad = "UIInterfaceOrientationPortrait UIInterfaceOrientationPortraitUpsideDown UIInterfaceOrientationLandscapeLeft UIInterfaceOrientationLandscapeRight";
				INFOPLIST_KEY_UISupportedInterfaceOrientations_iPhone = "UIInterfaceOrientationPortrait UIInterfaceOrientationLandscapeLeft UIInterfaceOrientationLandscapeRight";
				LD_RUNPATH_SEARCH_PATHS = (
					"$(inherited)",
					"@executable_path/Frameworks",
				);
				MARKETING_VERSION = 1.0;
				PRODUCT_BUNDLE_IDENTIFIER = br.com.felipemorandin.CurrencyConversion;
				PRODUCT_NAME = "$(TARGET_NAME)";
				SWIFT_EMIT_LOC_STRINGS = YES;
				SWIFT_VERSION = 5.0;
				TARGETED_DEVICE_FAMILY = "1,2";
			};
			name = Debug;
		};
		18005AA32C62A84100BAB6FC /* Release */ = {
			isa = XCBuildConfiguration;
			buildSettings = {
				ASSETCATALOG_COMPILER_APPICON_NAME = AppIcon;
				ASSETCATALOG_COMPILER_GLOBAL_ACCENT_COLOR_NAME = AccentColor;
				CODE_SIGN_STYLE = Automatic;
				CURRENT_PROJECT_VERSION = 1;
				DEVELOPMENT_TEAM = KFQ838WW9Y;
				GENERATE_INFOPLIST_FILE = YES;
				INFOPLIST_FILE = CurrencyConversion/Info.plist;
				INFOPLIST_KEY_UIApplicationSupportsIndirectInputEvents = YES;
				INFOPLIST_KEY_UILaunchStoryboardName = LaunchScreen;
				INFOPLIST_KEY_UIMainStoryboardFile = "";
				INFOPLIST_KEY_UISupportedInterfaceOrientations_iPad = "UIInterfaceOrientationPortrait UIInterfaceOrientationPortraitUpsideDown UIInterfaceOrientationLandscapeLeft UIInterfaceOrientationLandscapeRight";
				INFOPLIST_KEY_UISupportedInterfaceOrientations_iPhone = "UIInterfaceOrientationPortrait UIInterfaceOrientationLandscapeLeft UIInterfaceOrientationLandscapeRight";
				LD_RUNPATH_SEARCH_PATHS = (
					"$(inherited)",
					"@executable_path/Frameworks",
				);
				MARKETING_VERSION = 1.0;
				PRODUCT_BUNDLE_IDENTIFIER = br.com.felipemorandin.CurrencyConversion;
				PRODUCT_NAME = "$(TARGET_NAME)";
				SWIFT_EMIT_LOC_STRINGS = YES;
				SWIFT_VERSION = 5.0;
				TARGETED_DEVICE_FAMILY = "1,2";
			};
			name = Release;
		};
		18005AA52C62A84100BAB6FC /* Debug */ = {
			isa = XCBuildConfiguration;
			buildSettings = {
				ALWAYS_EMBED_SWIFT_STANDARD_LIBRARIES = YES;
				BUNDLE_LOADER = "$(TEST_HOST)";
				CODE_SIGN_STYLE = Automatic;
				CURRENT_PROJECT_VERSION = 1;
				DEVELOPMENT_TEAM = KFQ838WW9Y;
				GENERATE_INFOPLIST_FILE = YES;
				IPHONEOS_DEPLOYMENT_TARGET = 17.5;
				MARKETING_VERSION = 1.0;
				PRODUCT_BUNDLE_IDENTIFIER = br.com.felipemorandin.CurrencyConversionTests;
				PRODUCT_NAME = "$(TARGET_NAME)";
				SWIFT_EMIT_LOC_STRINGS = NO;
				SWIFT_VERSION = 5.0;
				TARGETED_DEVICE_FAMILY = "1,2";
				TEST_HOST = "$(BUILT_PRODUCTS_DIR)/CurrencyConversion.app/$(BUNDLE_EXECUTABLE_FOLDER_PATH)/CurrencyConversion";
			};
			name = Debug;
		};
		18005AA62C62A84100BAB6FC /* Release */ = {
			isa = XCBuildConfiguration;
			buildSettings = {
				ALWAYS_EMBED_SWIFT_STANDARD_LIBRARIES = YES;
				BUNDLE_LOADER = "$(TEST_HOST)";
				CODE_SIGN_STYLE = Automatic;
				CURRENT_PROJECT_VERSION = 1;
				DEVELOPMENT_TEAM = KFQ838WW9Y;
				GENERATE_INFOPLIST_FILE = YES;
				IPHONEOS_DEPLOYMENT_TARGET = 17.5;
				MARKETING_VERSION = 1.0;
				PRODUCT_BUNDLE_IDENTIFIER = br.com.felipemorandin.CurrencyConversionTests;
				PRODUCT_NAME = "$(TARGET_NAME)";
				SWIFT_EMIT_LOC_STRINGS = NO;
				SWIFT_VERSION = 5.0;
				TARGETED_DEVICE_FAMILY = "1,2";
				TEST_HOST = "$(BUILT_PRODUCTS_DIR)/CurrencyConversion.app/$(BUNDLE_EXECUTABLE_FOLDER_PATH)/CurrencyConversion";
			};
			name = Release;
		};
		18005AA82C62A84100BAB6FC /* Debug */ = {
			isa = XCBuildConfiguration;
			buildSettings = {
				ALWAYS_EMBED_SWIFT_STANDARD_LIBRARIES = YES;
				CODE_SIGN_STYLE = Automatic;
				CURRENT_PROJECT_VERSION = 1;
				DEVELOPMENT_TEAM = KFQ838WW9Y;
				GENERATE_INFOPLIST_FILE = YES;
				MARKETING_VERSION = 1.0;
				PRODUCT_BUNDLE_IDENTIFIER = br.com.felipemorandin.CurrencyConversionUITests;
				PRODUCT_NAME = "$(TARGET_NAME)";
				SWIFT_EMIT_LOC_STRINGS = NO;
				SWIFT_VERSION = 5.0;
				TARGETED_DEVICE_FAMILY = "1,2";
				TEST_TARGET_NAME = CurrencyConversion;
			};
			name = Debug;
		};
		18005AA92C62A84100BAB6FC /* Release */ = {
			isa = XCBuildConfiguration;
			buildSettings = {
				ALWAYS_EMBED_SWIFT_STANDARD_LIBRARIES = YES;
				CODE_SIGN_STYLE = Automatic;
				CURRENT_PROJECT_VERSION = 1;
				DEVELOPMENT_TEAM = KFQ838WW9Y;
				GENERATE_INFOPLIST_FILE = YES;
				MARKETING_VERSION = 1.0;
				PRODUCT_BUNDLE_IDENTIFIER = br.com.felipemorandin.CurrencyConversionUITests;
				PRODUCT_NAME = "$(TARGET_NAME)";
				SWIFT_EMIT_LOC_STRINGS = NO;
				SWIFT_VERSION = 5.0;
				TARGETED_DEVICE_FAMILY = "1,2";
				TEST_TARGET_NAME = CurrencyConversion;
			};
			name = Release;
		};
/* End XCBuildConfiguration section */

/* Begin XCConfigurationList section */
		18005A722C62A84000BAB6FC /* Build configuration list for PBXProject "CurrencyConversion" */ = {
			isa = XCConfigurationList;
			buildConfigurations = (
				18005A9F2C62A84100BAB6FC /* Debug */,
				18005AA02C62A84100BAB6FC /* Release */,
			);
			defaultConfigurationIsVisible = 0;
			defaultConfigurationName = Release;
		};
		18005AA12C62A84100BAB6FC /* Build configuration list for PBXNativeTarget "CurrencyConversion" */ = {
			isa = XCConfigurationList;
			buildConfigurations = (
				18005AA22C62A84100BAB6FC /* Debug */,
				18005AA32C62A84100BAB6FC /* Release */,
			);
			defaultConfigurationIsVisible = 0;
			defaultConfigurationName = Release;
		};
		18005AA42C62A84100BAB6FC /* Build configuration list for PBXNativeTarget "CurrencyConversionTests" */ = {
			isa = XCConfigurationList;
			buildConfigurations = (
				18005AA52C62A84100BAB6FC /* Debug */,
				18005AA62C62A84100BAB6FC /* Release */,
			);
			defaultConfigurationIsVisible = 0;
			defaultConfigurationName = Release;
		};
		18005AA72C62A84100BAB6FC /* Build configuration list for PBXNativeTarget "CurrencyConversionUITests" */ = {
			isa = XCConfigurationList;
			buildConfigurations = (
				18005AA82C62A84100BAB6FC /* Debug */,
				18005AA92C62A84100BAB6FC /* Release */,
			);
			defaultConfigurationIsVisible = 0;
			defaultConfigurationName = Release;
		};
/* End XCConfigurationList section */
	};
	rootObject = 18005A6F2C62A84000BAB6FC /* Project object */;
}
